
Microsoft Visual Studio Solution File, Format Version 12.00
# Visual Studio Version 16
VisualStudioVersion = 16.0.28721.148
MinimumVisualStudioVersion = 10.0.40219.1
Project("{FAE04EC0-301F-11D3-BF4B-00C04F79EFBC}") = "KKLottery", "KKLottery-PC\KKLottery.csproj", "{5D628045-2C21-42F7-AE48-03DD5653C2E2}"
EndProject
Global
	GlobalSection(SolutionConfigurationPlatforms) = preSolution
		Debug|Any CPU = Debug|Any CPU
		Release|Any CPU = Release|Any CPU
	EndGlobalSection
	GlobalSection(ProjectConfigurationPlatforms) = postSolution
		{5D628045-2C21-42F7-AE48-03DD5653C2E2}.Debug|Any CPU.ActiveCfg = Debug|Any CPU
		{5D628045-2C21-42F7-AE48-03DD5653C2E2}.Debug|Any CPU.Build.0 = Debug|Any CPU
		{5D628045-2C21-42F7-AE48-03DD5653C2E2}.Release|Any CPU.ActiveCfg = Release|Any CPU
		{5D628045-2C21-42F7-AE48-03DD5653C2E2}.Release|Any CPU.Build.0 = Release|Any CPU
	EndGlobalSection
	GlobalSection(SolutionProperties) = preSolution
		HideSolutionNode = FALSE
	EndGlobalSection
	GlobalSection(ExtensibilityGlobals) = postSolution
		SolutionGuid = {3313E59B-45E6-479B-B8AE-058AF98F4806}
	EndGlobalSection
EndGlobal
